
Microsoft Visual Studio Solution File, Format Version 12.00
# Visual Studio Version 17
VisualStudioVersion = 17.11.35219.272
MinimumVisualStudioVersion = 10.0.40219.1
Project("{9A19103F-16F7-4668-BE54-9A1E7A4F7556}") = "WordCountProducer", "WordCountProducer.csproj", "{5C0871BC-19B1-4F1E-A258-4A9F19DA3D0B}"
EndProject
Global
	GlobalSection(SolutionConfigurationPlatforms) = preSolution
		Debug|Any CPU = Debug|Any CPU
		Release|Any CPU = Release|Any CPU
	EndGlobalSection
	GlobalSection(ProjectConfigurationPlatforms) = postSolution
		{5C0871BC-19B1-4F1E-A258-4A9F19DA3D0B}.Debug|Any CPU.ActiveCfg = Debug|Any CPU
		{5C0871BC-19B1-4F1E-A258-4A9F19DA3D0B}.Debug|Any CPU.Build.0 = Debug|Any CPU
		{5C0871BC-19B1-4F1E-A258-4A9F19DA3D0B}.Release|Any CPU.ActiveCfg = Release|Any CPU
		{5C0871BC-19B1-4F1E-A258-4A9F19DA3D0B}.Release|Any CPU.Build.0 = Release|Any CPU
	EndGlobalSection
	GlobalSection(SolutionProperties) = preSolution
		HideSolutionNode = FALSE
	EndGlobalSection
	GlobalSection(ExtensibilityGlobals) = postSolution
		SolutionGuid = {63B19945-62A2-47DD-8979-02AC5022E224}
	EndGlobalSection
EndGlobal
